
Microsoft Visual Studio Solution File, Format Version 12.00
# Visual Studio Version 17
VisualStudioVersion = 17.4.33213.308
MinimumVisualStudioVersion = 10.0.40219.1
Project("{FAE04EC0-301F-11D3-BF4B-00C04F79EFBC}") = "Deliverable(5)", "Deliverable(5)\Deliverable(5).csproj", "{78145DC8-C46F-4355-825A-CB5BC73CF60D}"
EndProject
Global
	GlobalSection(SolutionConfigurationPlatforms) = preSolution
		Debug|Any CPU = Debug|Any CPU
		Release|Any CPU = Release|Any CPU
	EndGlobalSection
	GlobalSection(ProjectConfigurationPlatforms) = postSolution
		{78145DC8-C46F-4355-825A-CB5BC73CF60D}.Debug|Any CPU.ActiveCfg = Debug|Any CPU
		{78145DC8-C46F-4355-825A-CB5BC73CF60D}.Debug|Any CPU.Build.0 = Debug|Any CPU
		{78145DC8-C46F-4355-825A-CB5BC73CF60D}.Release|Any CPU.ActiveCfg = Release|Any CPU
		{78145DC8-C46F-4355-825A-CB5BC73CF60D}.Release|Any CPU.Build.0 = Release|Any CPU
	EndGlobalSection
	GlobalSection(SolutionProperties) = preSolution
		HideSolutionNode = FALSE
	EndGlobalSection
	GlobalSection(ExtensibilityGlobals) = postSolution
		SolutionGuid = {ABE4F03F-D865-4574-BE3E-6C82A836EE1E}
	EndGlobalSection
EndGlobal
